// !$*UTF8*$!
{
	archiveVersion = 1;
	classes = {
	};
	objectVersion = 42;
	objects = {

/* Begin PBXFileReference section */
		29B97316FDCFA39411CA2CEA /* main.m */ = {isa = PBXFileReference; fileEncoding = 30; lastKnownFileType = sourcecode.c.objc; path = main.m; sourceTree = "<group>"; };
		3020DBF70D583B190062EA14 /* Boxes.plist */ = {isa = PBXFileReference; fileEncoding = 4; lastKnownFileType = text.plist.xml; path = Boxes.plist; sourceTree = "<group>"; };
		3020DC000D5846450062EA14 /* Background.png */ = {isa = PBXFileReference; lastKnownFileType = image.png; path = Background.png; sourceTree = "<group>"; };
		3020DC020D5846450062EA14 /* 10.png */ = {isa = PBXFileReference; lastKnownFileType = image.png; path = 10.png; sourceTree = "<group>"; };
		3020DC030D5846450062EA14 /* 100.png */ = {isa = PBXFileReference; lastKnownFileType = image.png; path = 100.png; sourceTree = "<group>"; };
		3020DC040D5846450062EA14 /* 100_down.png */ = {isa = PBXFileReference; lastKnownFileType = image.png; path = 100_down.png; sourceTree = "<group>"; };
		3020DC050D5846450062EA14 /* 10_down.png */ = {isa = PBXFileReference; lastKnownFileType = image.png; path = 10_down.png; sourceTree = "<group>"; };
		3020DC060D5846450062EA14 /* 25.png */ = {isa = PBXFileReference; lastKnownFileType = image.png; path = 25.png; sourceTree = "<group>"; };
		3020DC070D5846450062EA14 /* 25_down.png */ = {isa = PBXFileReference; lastKnownFileType = image.png; path = 25_down.png; sourceTree = "<group>"; };
		3020DC080D5846450062EA14 /* 5.png */ = {isa = PBXFileReference; lastKnownFileType = image.png; path = 5.png; sourceTree = "<group>"; };
		3020DC090D5846450062EA14 /* 5_down.png */ = {isa = PBXFileReference; lastKnownFileType = image.png; path = 5_down.png; sourceTree = "<group>"; };
		3020DC0C0D5846450062EA14 /* 10.png */ = {isa = PBXFileReference; lastKnownFileType = image.png; path = 10.png; sourceTree = "<group>"; };
		3020DC0D0D5846450062EA14 /* 100.png */ = {isa = PBXFileReference; lastKnownFileType = image.png; path = 100.png; sourceTree = "<group>"; };
		3020DC0E0D5846450062EA14 /* 100_down.png */ = {isa = PBXFileReference; lastKnownFileType = image.png; path = 100_down.png; sourceTree = "<group>"; };
		3020DC0F0D5846450062EA14 /* 10_down.png */ = {isa = PBXFileReference; lastKnownFileType = image.png; path = 10_down.png; sourceTree = "<group>"; };
		3020DC100D5846450062EA14 /* 25.png */ = {isa = PBXFileReference; lastKnownFileType = image.png; path = 25.png; sourceTree = "<group>"; };
		3020DC110D5846450062EA14 /* 25_down.png */ = {isa = PBXFileReference; lastKnownFileType = image.png; path = 25_down.png; sourceTree = "<group>"; };
		3020DC120D5846450062EA14 /* 5.png */ = {isa = PBXFileReference; lastKnownFileType = image.png; path = 5.png; sourceTree = "<group>"; };
		3020DC130D5846450062EA14 /* 5_down.png */ = {isa = PBXFileReference; lastKnownFileType = image.png; path = 5_down.png; sourceTree = "<group>"; };
		3020DC150D5846450062EA14 /* #.png */ = {isa = PBXFileReference; lastKnownFileType = image.png; path = "#.png"; sourceTree = "<group>"; };
		3020DC160D5846450062EA14 /* 0.png */ = {isa = PBXFileReference; lastKnownFileType = image.png; path = 0.png; sourceTree = "<group>"; };
		3020DC170D5846450062EA14 /* 1.png */ = {isa = PBXFileReference; lastKnownFileType = image.png; path = 1.png; sourceTree = "<group>"; };
		3020DC180D5846450062EA14 /* 2.png */ = {isa = PBXFileReference; lastKnownFileType = image.png; path = 2.png; sourceTree = "<group>"; };
		3020DC190D5846450062EA14 /* 3.png */ = {isa = PBXFileReference; lastKnownFileType = image.png; path = 3.png; sourceTree = "<group>"; };
		3020DC1A0D5846450062EA14 /* 4.png */ = {isa = PBXFileReference; lastKnownFileType = image.png; path = 4.png; sourceTree = "<group>"; };
		3020DC1B0D5846450062EA14 /* 5.png */ = {isa = PBXFileReference; lastKnownFileType = image.png; path = 5.png; sourceTree = "<group>"; };
		3020DC1C0D5846450062EA14 /* 6.png */ = {isa = PBXFileReference; lastKnownFileType = image.png; path = 6.png; sourceTree = "<group>"; };
		3020DC1D0D5846450062EA14 /* 7.png */ = {isa = PBXFileReference; lastKnownFileType = image.png; path = 7.png; sourceTree = "<group>"; };
		3020DC1E0D5846450062EA14 /* 8.png */ = {isa = PBXFileReference; lastKnownFileType = image.png; path = 8.png; sourceTree = "<group>"; };
		3020DC1F0D5846450062EA14 /* 9.png */ = {isa = PBXFileReference; lastKnownFileType = image.png; path = 9.png; sourceTree = "<group>"; };
		3020DC200D5846450062EA14 /* _.png */ = {isa = PBXFileReference; lastKnownFileType = image.png; path = _.png; sourceTree = "<group>"; };
		3020DC210D5846450062EA14 /* A.png */ = {isa = PBXFileReference; lastKnownFileType = image.png; path = A.png; sourceTree = "<group>"; };
		3020DC220D5846450062EA14 /* B.png */ = {isa = PBXFileReference; lastKnownFileType = image.png; path = B.png; sourceTree = "<group>"; };
		3020DC230D5846450062EA14 /* Background.png */ = {isa = PBXFileReference; lastKnownFileType = image.png; path = Background.png; sourceTree = "<group>"; };
		3020DC240D5846450062EA14 /* Blank.png */ = {isa = PBXFileReference; lastKnownFileType = image.png; path = Blank.png; sourceTree = "<group>"; };
		3020DC250D5846450062EA14 /* C.png */ = {isa = PBXFileReference; lastKnownFileType = image.png; path = C.png; sourceTree = "<group>"; };
		3020DC260D5846450062EA14 /* D.png */ = {isa = PBXFileReference; lastKnownFileType = image.png; path = D.png; sourceTree = "<group>"; };
		3020DC280D5846450062EA14 /* #.png */ = {isa = PBXFileReference; lastKnownFileType = image.png; path = "#.png"; sourceTree = "<group>"; };
		3020DC290D5846450062EA14 /* 0.png */ = {isa = PBXFileReference; lastKnownFileType = image.png; path = 0.png; sourceTree = "<group>"; };
		3020DC2A0D5846450062EA14 /* 1.png */ = {isa = PBXFileReference; lastKnownFileType = image.png; path = 1.png; sourceTree = "<group>"; };
		3020DC2B0D5846450062EA14 /* 2.png */ = {isa = PBXFileReference; lastKnownFileType = image.png; path = 2.png; sourceTree = "<group>"; };
		3020DC2C0D5846450062EA14 /* 3.png */ = {isa = PBXFileReference; lastKnownFileType = image.png; path = 3.png; sourceTree = "<group>"; };
		3020DC2D0D5846450062EA14 /* 4.png */ = {isa = PBXFileReference; lastKnownFileType = image.png; path = 4.png; sourceTree = "<group>"; };
		3020DC2E0D5846450062EA14 /* 5.png */ = {isa = PBXFileReference; lastKnownFileType = image.png; path = 5.png; sourceTree = "<group>"; };
		3020DC2F0D5846450062EA14 /* 6.png */ = {isa = PBXFileReference; lastKnownFileType = image.png; path = 6.png; sourceTree = "<group>"; };
		3020DC300D5846450062EA14 /* 7.png */ = {isa = PBXFileReference; lastKnownFileType = image.png; path = 7.png; sourceTree = "<group>"; };
		3020DC310D5846450062EA14 /* 8.png */ = {isa = PBXFileReference; lastKnownFileType = image.png; path = 8.png; sourceTree = "<group>"; };
		3020DC320D5846450062EA14 /* 9.png */ = {isa = PBXFileReference; lastKnownFileType = image.png; path = 9.png; sourceTree = "<group>"; };
		3020DC330D5846450062EA14 /* _.png */ = {isa = PBXFileReference; lastKnownFileType = image.png; path = _.png; sourceTree = "<group>"; };
		3020DC340D5846450062EA14 /* Background.png */ = {isa = PBXFileReference; lastKnownFileType = image.png; path = Background.png; sourceTree = "<group>"; };
		3020DC350D5846450062EA14 /* Blank.png */ = {isa = PBXFileReference; lastKnownFileType = image.png; path = Blank.png; sourceTree = "<group>"; };
		3020DC360D5846450062EA14 /* Clear.png */ = {isa = PBXFileReference; lastKnownFileType = image.png; path = Clear.png; sourceTree = "<group>"; };
		3020DC370D5846450062EA14 /* Send.png */ = {isa = PBXFileReference; lastKnownFileType = image.png; path = Send.png; sourceTree = "<group>"; };
		3022137B0D552FC200918800 /* AudioQueue.h */ = {isa = PBXFileReference; fileEncoding = 4; lastKnownFileType = sourcecode.c.h; path = AudioQueue.h; sourceTree = "<group>"; };
		303C708A0D55362E000B36A9 /* ButtonBarView.m */ = {isa = PBXFileReference; fileEncoding = 4; lastKnownFileType = sourcecode.c.objc; path = ButtonBarView.m; sourceTree = "<group>"; };
		303C708B0D55362E000B36A9 /* ButtonBarView.h */ = {isa = PBXFileReference; fileEncoding = 4; lastKnownFileType = sourcecode.c.h; path = ButtonBarView.h; sourceTree = "<group>"; };
		304016EA0D4AFFD60013A607 /* TonePlayer.h */ = {isa = PBXFileReference; fileEncoding = 4; lastKnownFileType = sourcecode.c.h; path = TonePlayer.h; sourceTree = "<group>"; };
		304016EB0D4AFFD60013A607 /* TonePlayer.m */ = {isa = PBXFileReference; fileEncoding = 4; lastKnownFileType = sourcecode.c.objc; path = TonePlayer.m; sourceTree = "<group>"; };
		304017BF0D4B0A750013A607 /* AudioToolbox.framework */ = {isa = PBXFileReference; lastKnownFileType = wrapper.framework; name = AudioToolbox.framework; path = /System/Library/Frameworks/AudioToolbox.framework; sourceTree = "<absolute>"; };
		3054502A0D521269009FC636 /* WebFontCache.h */ = {isa = PBXFileReference; fileEncoding = 4; lastKnownFileType = sourcecode.c.h; path = WebFontCache.h; sourceTree = "<group>"; };
		30C9C9AA0D458A4F000A54B0 /* Key.h */ = {isa = PBXFileReference; fileEncoding = 4; lastKnownFileType = sourcecode.c.h; path = Key.h; sourceTree = "<group>"; };
		30C9C9AB0D458A4F000A54B0 /* Key.m */ = {isa = PBXFileReference; fileEncoding = 4; lastKnownFileType = sourcecode.c.objc; path = Key.m; sourceTree = "<group>"; };
		30C9C9AC0D458A5B000A54B0 /* KeyPad.h */ = {isa = PBXFileReference; fileEncoding = 4; lastKnownFileType = sourcecode.c.h; path = KeyPad.h; sourceTree = "<group>"; };
		30C9C9AD0D458A5B000A54B0 /* KeyPad.m */ = {isa = PBXFileReference; fileEncoding = 4; lastKnownFileType = sourcecode.c.objc; path = KeyPad.m; sourceTree = "<group>"; };
		30C9C9B20D458B5C000A54B0 /* notes */ = {isa = PBXFileReference; fileEncoding = 4; lastKnownFileType = text; path = notes; sourceTree = "<group>"; };
		30C9C9EA0D45B9C1000A54B0 /* Default.png */ = {isa = PBXFileReference; lastKnownFileType = image.png; path = Default.png; sourceTree = "<group>"; };
		30D48D190D59012000A47AA0 /* Background.png */ = {isa = PBXFileReference; lastKnownFileType = image.png; path = Background.png; sourceTree = "<group>"; };
		30D48D1A0D59012000A47AA0 /* CoinCollect.png */ = {isa = PBXFileReference; lastKnownFileType = image.png; path = CoinCollect.png; sourceTree = "<group>"; };
		30D48D1B0D59012000A47AA0 /* CoinCollect_Down.png */ = {isa = PBXFileReference; lastKnownFileType = image.png; path = CoinCollect_Down.png; sourceTree = "<group>"; };
		30D48D1C0D59012000A47AA0 /* CoinReturn.png */ = {isa = PBXFileReference; lastKnownFileType = image.png; path = CoinReturn.png; sourceTree = "<group>"; };
		30D48D1D0D59012000A47AA0 /* CoinReturn_Down.png */ = {isa = PBXFileReference; lastKnownFileType = image.png; path = CoinReturn_Down.png; sourceTree = "<group>"; };
		30D48D1E0D59012000A47AA0 /* MF8.png */ = {isa = PBXFileReference; lastKnownFileType = image.png; path = MF8.png; sourceTree = "<group>"; };
		30D48D1F0D59012000A47AA0 /* MF8_Down.png */ = {isa = PBXFileReference; lastKnownFileType = image.png; path = MF8_Down.png; sourceTree = "<group>"; };
		30D48D200D59012000A47AA0 /* RingBack.png */ = {isa = PBXFileReference; lastKnownFileType = image.png; path = RingBack.png; sourceTree = "<group>"; };
		30D48D210D59012000A47AA0 /* RingBack_Down.png */ = {isa = PBXFileReference; lastKnownFileType = image.png; path = RingBack_Down.png; sourceTree = "<group>"; };
		30D48D220D59012000A47AA0 /* Wink.png */ = {isa = PBXFileReference; lastKnownFileType = image.png; path = Wink.png; sourceTree = "<group>"; };
		30D48D230D59012000A47AA0 /* Wink_Down.png */ = {isa = PBXFileReference; lastKnownFileType = image.png; path = Wink_Down.png; sourceTree = "<group>"; };
		8D1107310486CEB800E47090 /* Info.plist */ = {isa = PBXFileReference; fileEncoding = 4; lastKnownFileType = text.plist; path = Info.plist; sourceTree = "<group>"; };
		D90F56B90C6719EF007AE76B /* iPhreakApp.m */ = {isa = PBXFileReference; fileEncoding = 30; lastKnownFileType = sourcecode.c.objc; path = iPhreakApp.m; sourceTree = "<group>"; };
		D90F56BA0C6719EF007AE76B /* iPhreakApp.h */ = {isa = PBXFileReference; fileEncoding = 30; lastKnownFileType = sourcecode.c.h; path = iPhreakApp.h; sourceTree = "<group>"; };
		D90F56E20C671CD1007AE76B /* Foundation.framework */ = {isa = PBXFileReference; lastKnownFileType = wrapper.framework; name = Foundation.framework; path = /Developer/SDKs/iPhone.sdk/System/Library/Frameworks/Foundation.framework; sourceTree = "<absolute>"; };
		D90F56E30C671CD1007AE76B /* UIKit.framework */ = {isa = PBXFileReference; lastKnownFileType = wrapper.framework; name = UIKit.framework; path = /Developer/SDKs/iPhone.sdk/System/Library/Frameworks/UIKit.framework; sourceTree = "<absolute>"; };
		D92591D70C6B431100BBDBBC /* Makefile */ = {isa = PBXFileReference; fileEncoding = 30; lastKnownFileType = sourcecode.make; path = Makefile; sourceTree = "<group>"; };
		D9C1849B0C6B467300A7383F /* iPhreak_Prefix.pch */ = {isa = PBXFileReference; fileEncoding = 30; lastKnownFileType = sourcecode.c.h; path = iPhreak_Prefix.pch; sourceTree = "<group>"; };
/* End PBXFileReference section */

/* Begin PBXGroup section */
		080E96DDFE201D6D7F000001 /* Classes */ = {
			isa = PBXGroup;
			children = (
				304016EA0D4AFFD60013A607 /* TonePlayer.h */,
				304016EB0D4AFFD60013A607 /* TonePlayer.m */,
				30C9C9AA0D458A4F000A54B0 /* Key.h */,
				30C9C9AB0D458A4F000A54B0 /* Key.m */,
				30C9C9AC0D458A5B000A54B0 /* KeyPad.h */,
				30C9C9AD0D458A5B000A54B0 /* KeyPad.m */,
				D90F56BA0C6719EF007AE76B /* iPhreakApp.h */,
				D90F56B90C6719EF007AE76B /* iPhreakApp.m */,
			);
			name = Classes;
			sourceTree = "<group>";
		};
		19C28FACFE9D520D11CA2CBB /* Products */ = {
			isa = PBXGroup;
			children = (
			);
			name = Products;
			sourceTree = "<group>";
		};
		29B97314FDCFA39411CA2CEA /* iPhreak */ = {
			isa = PBXGroup;
			children = (
				D92591D70C6B431100BBDBBC /* Makefile */,
				080E96DDFE201D6D7F000001 /* Classes */,
				29B97315FDCFA39411CA2CEA /* Other Sources */,
				29B97317FDCFA39411CA2CEA /* Resources */,
				29B97323FDCFA39411CA2CEA /* Frameworks */,
				19C28FACFE9D520D11CA2CBB /* Products */,
				30C9C9B20D458B5C000A54B0 /* notes */,
			);
			name = iPhreak;
			sourceTree = "<group>";
		};
		29B97315FDCFA39411CA2CEA /* Other Sources */ = {
			isa = PBXGroup;
			children = (
				303C708B0D55362E000B36A9 /* ButtonBarView.h */,
				303C708A0D55362E000B36A9 /* ButtonBarView.m */,
				3022137B0D552FC200918800 /* AudioQueue.h */,
				3054502A0D521269009FC636 /* WebFontCache.h */,
				29B97316FDCFA39411CA2CEA /* main.m */,
				D9C1849B0C6B467300A7383F /* iPhreak_Prefix.pch */,
			);
			name = "Other Sources";
			sourceTree = "<group>";
		};
		29B97317FDCFA39411CA2CEA /* Resources */ = {
			isa = PBXGroup;
			children = (
				3020DBFE0D5846450062EA14 /* GUI */,
				30C9C9EA0D45B9C1000A54B0 /* Default.png */,
				3020DBF70D583B190062EA14 /* Boxes.plist */,
				8D1107310486CEB800E47090 /* Info.plist */,
			);
			name = Resources;
			sourceTree = "<group>";
		};
		29B97323FDCFA39411CA2CEA /* Frameworks */ = {
			isa = PBXGroup;
			children = (
				304017BF0D4B0A750013A607 /* AudioToolbox.framework */,
				D90F56E20C671CD1007AE76B /* Foundation.framework */,
				D90F56E30C671CD1007AE76B /* UIKit.framework */,
			);
			name = Frameworks;
			sourceTree = "<group>";
		};
		3020DBFE0D5846450062EA14 /* GUI */ = {
			isa = PBXGroup;
			children = (
				30D48D180D59012000A47AA0 /* GreenBox */,
				3020DBFF0D5846450062EA14 /* RedBox */,
				3020DC140D5846450062EA14 /* SilverBox */,
				3020DC270D5846450062EA14 /* WozBox */,
			);
			path = GUI;
			sourceTree = "<group>";
		};
		3020DBFF0D5846450062EA14 /* RedBox */ = {
			isa = PBXGroup;
			children = (
				3020DC000D5846450062EA14 /* Background.png */,
				3020DC010D5846450062EA14 /* CAN */,
				3020DC0A0D5846450062EA14 /* GB */,
				3020DC0B0D5846450062EA14 /* US */,
			);
			path = RedBox;
			sourceTree = "<group>";
		};
		3020DC010D5846450062EA14 /* CAN */ = {
			isa = PBXGroup;
			children = (
				3020DC020D5846450062EA14 /* 10.png */,
				3020DC030D5846450062EA14 /* 100.png */,
				3020DC040D5846450062EA14 /* 100_down.png */,
				3020DC050D5846450062EA14 /* 10_down.png */,
				3020DC060D5846450062EA14 /* 25.png */,
				3020DC070D5846450062EA14 /* 25_down.png */,
				3020DC080D5846450062EA14 /* 5.png */,
				3020DC090D5846450062EA14 /* 5_down.png */,
			);
			path = CAN;
			sourceTree = "<group>";
		};
		3020DC0A0D5846450062EA14 /* GB */ = {
			isa = PBXGroup;
			children = (
			);
			path = GB;
			sourceTree = "<group>";
		};
		3020DC0B0D5846450062EA14 /* US */ = {
			isa = PBXGroup;
			children = (
				3020DC0C0D5846450062EA14 /* 10.png */,
				3020DC0D0D5846450062EA14 /* 100.png */,
				3020DC0E0D5846450062EA14 /* 100_down.png */,
				3020DC0F0D5846450062EA14 /* 10_down.png */,
				3020DC100D5846450062EA14 /* 25.png */,
				3020DC110D5846450062EA14 /* 25_down.png */,
				3020DC120D5846450062EA14 /* 5.png */,
				3020DC130D5846450062EA14 /* 5_down.png */,
			);
			path = US;
			sourceTree = "<group>";
		};
		3020DC140D5846450062EA14 /* SilverBox */ = {
			isa = PBXGroup;
			children = (
				3020DC150D5846450062EA14 /* #.png */,
				3020DC160D5846450062EA14 /* 0.png */,
				3020DC170D5846450062EA14 /* 1.png */,
				3020DC180D5846450062EA14 /* 2.png */,
				3020DC190D5846450062EA14 /* 3.png */,
				3020DC1A0D5846450062EA14 /* 4.png */,
				3020DC1B0D5846450062EA14 /* 5.png */,
				3020DC1C0D5846450062EA14 /* 6.png */,
				3020DC1D0D5846450062EA14 /* 7.png */,
				3020DC1E0D5846450062EA14 /* 8.png */,
				3020DC1F0D5846450062EA14 /* 9.png */,
				3020DC200D5846450062EA14 /* _.png */,
				3020DC210D5846450062EA14 /* A.png */,
				3020DC220D5846450062EA14 /* B.png */,
				3020DC230D5846450062EA14 /* Background.png */,
				3020DC240D5846450062EA14 /* Blank.png */,
				3020DC250D5846450062EA14 /* C.png */,
				3020DC260D5846450062EA14 /* D.png */,
			);
			path = SilverBox;
			sourceTree = "<group>";
		};
		3020DC270D5846450062EA14 /* WozBox */ = {
			isa = PBXGroup;
			children = (
				3020DC280D5846450062EA14 /* #.png */,
				3020DC290D5846450062EA14 /* 0.png */,
				3020DC2A0D5846450062EA14 /* 1.png */,
				3020DC2B0D5846450062EA14 /* 2.png */,
				3020DC2C0D5846450062EA14 /* 3.png */,
				3020DC2D0D5846450062EA14 /* 4.png */,
				3020DC2E0D5846450062EA14 /* 5.png */,
				3020DC2F0D5846450062EA14 /* 6.png */,
				3020DC300D5846450062EA14 /* 7.png */,
				3020DC310D5846450062EA14 /* 8.png */,
				3020DC320D5846450062EA14 /* 9.png */,
				3020DC330D5846450062EA14 /* _.png */,
				3020DC340D5846450062EA14 /* Background.png */,
				3020DC350D5846450062EA14 /* Blank.png */,
				3020DC360D5846450062EA14 /* Clear.png */,
				3020DC370D5846450062EA14 /* Send.png */,
			);
			path = WozBox;
			sourceTree = "<group>";
		};
		30D48D180D59012000A47AA0 /* GreenBox */ = {
			isa = PBXGroup;
			children = (
				30D48D190D59012000A47AA0 /* Background.png */,
				30D48D1A0D59012000A47AA0 /* CoinCollect.png */,
				30D48D1B0D59012000A47AA0 /* CoinCollect_Down.png */,
				30D48D1C0D59012000A47AA0 /* CoinReturn.png */,
				30D48D1D0D59012000A47AA0 /* CoinReturn_Down.png */,
				30D48D1E0D59012000A47AA0 /* MF8.png */,
				30D48D1F0D59012000A47AA0 /* MF8_Down.png */,
				30D48D200D59012000A47AA0 /* RingBack.png */,
				30D48D210D59012000A47AA0 /* RingBack_Down.png */,
				30D48D220D59012000A47AA0 /* Wink.png */,
				30D48D230D59012000A47AA0 /* Wink_Down.png */,
			);
			path = GreenBox;
			sourceTree = "<group>";
		};
/* End PBXGroup section */

/* Begin PBXLegacyTarget section */
		D92591D10C6B42C700BBDBBC /* iPhreak */ = {
			isa = PBXLegacyTarget;
			buildArgumentsString = "$(ACTION)";
			buildConfigurationList = D92591D40C6B42CE00BBDBBC /* Build configuration list for PBXLegacyTarget "iPhreak" */;
			buildPhases = (
			);
			buildToolPath = /usr/bin/make;
			dependencies = (
			);
			name = iPhreak;
			passBuildSettingsInEnvironment = 1;
			productName = iPhreak;
		};
/* End PBXLegacyTarget section */

/* Begin PBXProject section */
		29B97313FDCFA39411CA2CEA /* Project object */ = {
			isa = PBXProject;
			buildConfigurationList = C01FCF4E08A954540054247B /* Build configuration list for PBXProject "iPhreak" */;
			compatibilityVersion = "Xcode 2.4";
			hasScannedForEncodings = 1;
			mainGroup = 29B97314FDCFA39411CA2CEA /* iPhreak */;
			projectDirPath = "";
			projectRoot = "";
			targets = (
				D92591D10C6B42C700BBDBBC /* iPhreak */,
			);
		};
/* End PBXProject section */

/* Begin XCBuildConfiguration section */
		C01FCF4F08A954540054247B /* Debug */ = {
			isa = XCBuildConfiguration;
			buildSettings = {
				ARCHS = arm;
				CC = "/usr/local/iphonedev/bin/arm-apple-darwin-cc";
				CXX = "/usr/local/iphonedev/bin/arm-apple-darwin-cc";
				GCC_WARN_ABOUT_RETURN_TYPE = YES;
				GCC_WARN_UNUSED_VARIABLE = YES;
				LD = "/usr/local/iphonedev/bin/arm-apple-darwin-cc";
				PREBINDING = NO;
				SDKROOT = /Developer/SDKs/iPhone.sdk;
				SHARED_PRECOMPS_DIR = "/Library/Caches/com.apple.Xcode.iPhone.$(UID)/SharedPrecompiledHeaders";
			};
			name = Debug;
		};
		C01FCF5008A954540054247B /* Release */ = {
			isa = XCBuildConfiguration;
			buildSettings = {
				ARCHS = arm;
				CC = "/usr/local/iphonedev/bin/arm-apple-darwin-cc";
				CXX = "/usr/local/iphonedev/bin/arm-apple-darwin-cc";
				GCC_WARN_ABOUT_RETURN_TYPE = YES;
				GCC_WARN_UNUSED_VARIABLE = YES;
				LD = "/usr/local/iphonedev/bin/arm-apple-darwin-cc";
				PREBINDING = NO;
				SDKROOT = /Developer/SDKs/iPhone.sdk;
				SHARED_PRECOMPS_DIR = "/Library/Caches/com.apple.Xcode.iPhone.$(UID)/SharedPrecompiledHeaders";
			};
			name = Release;
		};
		D92591D50C6B42CE00BBDBBC /* Debug */ = {
			isa = XCBuildConfiguration;
			buildSettings = {
				COPY_PHASE_STRIP = NO;
				GCC_DYNAMIC_NO_PIC = NO;
				GCC_GENERATE_DEBUGGING_SYMBOLS = YES;
				GCC_OPTIMIZATION_LEVEL = 0;
				PRODUCT_NAME = iPhreak;
			};
			name = Debug;
		};
		D92591D60C6B42CE00BBDBBC /* Release */ = {
			isa = XCBuildConfiguration;
			buildSettings = {
				COPY_PHASE_STRIP = YES;
				GCC_ENABLE_FIX_AND_CONTINUE = NO;
				GCC_GENERATE_DEBUGGING_SYMBOLS = NO;
				PRODUCT_NAME = iPhreak;
				ZERO_LINK = NO;
			};
			name = Release;
		};
/* End XCBuildConfiguration section */

/* Begin XCConfigurationList section */
		C01FCF4E08A954540054247B /* Build configuration list for PBXProject "iPhreak" */ = {
			isa = XCConfigurationList;
			buildConfigurations = (
				C01FCF4F08A954540054247B /* Debug */,
				C01FCF5008A954540054247B /* Release */,
			);
			defaultConfigurationIsVisible = 0;
			defaultConfigurationName = Release;
		};
		D92591D40C6B42CE00BBDBBC /* Build configuration list for PBXLegacyTarget "iPhreak" */ = {
			isa = XCConfigurationList;
			buildConfigurations = (
				D92591D50C6B42CE00BBDBBC /* Debug */,
				D92591D60C6B42CE00BBDBBC /* Release */,
			);
			defaultConfigurationIsVisible = 0;
			defaultConfigurationName = Release;
		};
/* End XCConfigurationList section */
	};
	rootObject = 29B97313FDCFA39411CA2CEA /* Project object */;
}
