// !$*UTF8*$!
{
	archiveVersion = 1;
	classes = {
	};
	objectVersion = 44;
	objects = {

/* Begin PBXBuildFile section */
		305DDAA40E91D42F002D922A /* Celestial.framework in Frameworks */ = {isa = PBXBuildFile; fileRef = 305DDAA30E91D42F002D922A /* Celestial.framework */; };
		309796370E904B6F00F574AA /* UIKit.framework in Frameworks */ = {isa = PBXBuildFile; fileRef = 309796360E904B6F00F574AA /* UIKit.framework */; };
		3097963A0E904B9A00F574AA /* Foundation.framework in Frameworks */ = {isa = PBXBuildFile; fileRef = 309796390E904B9A00F574AA /* Foundation.framework */; };
		30BCCE980DA6778F00680BF3 /* TonePlayer.m in Sources */ = {isa = PBXBuildFile; fileRef = 304016EB0D4AFFD60013A607 /* TonePlayer.m */; };
		30BCCE990DA6778F00680BF3 /* Key.m in Sources */ = {isa = PBXBuildFile; fileRef = 30C9C9AB0D458A4F000A54B0 /* Key.m */; };
		30BCCE9A0DA6778F00680BF3 /* KeyPad.m in Sources */ = {isa = PBXBuildFile; fileRef = 30C9C9AD0D458A5B000A54B0 /* KeyPad.m */; };
		30BCCE9B0DA6778F00680BF3 /* iPhreakApp.m in Sources */ = {isa = PBXBuildFile; fileRef = D90F56B90C6719EF007AE76B /* iPhreakApp.m */; };
		30BCCE9D0DA6778F00680BF3 /* main.m in Sources */ = {isa = PBXBuildFile; fileRef = 29B97316FDCFA39411CA2CEA /* main.m */; };
		30BCCEEF0DA6793F00680BF3 /* AudioToolbox.framework in Frameworks */ = {isa = PBXBuildFile; fileRef = 304017BF0D4B0A750013A607 /* AudioToolbox.framework */; };
		30BCCF040DA679D300680BF3 /* Default.png in Resources */ = {isa = PBXBuildFile; fileRef = 30C9C9EA0D45B9C1000A54B0 /* Default.png */; };
		30BCCF050DA679DB00680BF3 /* Boxes.plist in Resources */ = {isa = PBXBuildFile; fileRef = 3020DBF70D583B190062EA14 /* Boxes.plist */; };
		30BCCF520DA67AA600680BF3 /* #.png in Copy Blue Files */ = {isa = PBXBuildFile; fileRef = 3020DC280D5846450062EA14 /* #.png */; };
		30BCCF530DA67AA600680BF3 /* 0.png in Copy Blue Files */ = {isa = PBXBuildFile; fileRef = 3020DC290D5846450062EA14 /* 0.png */; };
		30BCCF540DA67AA600680BF3 /* 1.png in Copy Blue Files */ = {isa = PBXBuildFile; fileRef = 3020DC2A0D5846450062EA14 /* 1.png */; };
		30BCCF550DA67AA600680BF3 /* 2.png in Copy Blue Files */ = {isa = PBXBuildFile; fileRef = 3020DC2B0D5846450062EA14 /* 2.png */; };
		30BCCF560DA67AA600680BF3 /* 3.png in Copy Blue Files */ = {isa = PBXBuildFile; fileRef = 3020DC2C0D5846450062EA14 /* 3.png */; };
		30BCCF570DA67AA600680BF3 /* 4.png in Copy Blue Files */ = {isa = PBXBuildFile; fileRef = 3020DC2D0D5846450062EA14 /* 4.png */; };
		30BCCF580DA67AA600680BF3 /* 5.png in Copy Blue Files */ = {isa = PBXBuildFile; fileRef = 3020DC2E0D5846450062EA14 /* 5.png */; };
		30BCCF590DA67AA600680BF3 /* 6.png in Copy Blue Files */ = {isa = PBXBuildFile; fileRef = 3020DC2F0D5846450062EA14 /* 6.png */; };
		30BCCF5A0DA67AA600680BF3 /* 7.png in Copy Blue Files */ = {isa = PBXBuildFile; fileRef = 3020DC300D5846450062EA14 /* 7.png */; };
		30BCCF5B0DA67AA600680BF3 /* 8.png in Copy Blue Files */ = {isa = PBXBuildFile; fileRef = 3020DC310D5846450062EA14 /* 8.png */; };
		30BCCF5C0DA67AA600680BF3 /* 9.png in Copy Blue Files */ = {isa = PBXBuildFile; fileRef = 3020DC320D5846450062EA14 /* 9.png */; };
		30BCCF5D0DA67AA600680BF3 /* _.png in Copy Blue Files */ = {isa = PBXBuildFile; fileRef = 3020DC330D5846450062EA14 /* _.png */; };
		30BCCF5E0DA67AA600680BF3 /* Background.png in Copy Blue Files */ = {isa = PBXBuildFile; fileRef = 3020DC340D5846450062EA14 /* Background.png */; };
		30BCCF5F0DA67AA600680BF3 /* Blank.png in Copy Blue Files */ = {isa = PBXBuildFile; fileRef = 3020DC350D5846450062EA14 /* Blank.png */; };
		30BCCF600DA67AA600680BF3 /* Clear.png in Copy Blue Files */ = {isa = PBXBuildFile; fileRef = 3020DC360D5846450062EA14 /* Clear.png */; };
		30BCCF610DA67AA600680BF3 /* Send.png in Copy Blue Files */ = {isa = PBXBuildFile; fileRef = 3020DC370D5846450062EA14 /* Send.png */; };
		30BCCF630DA67ADC00680BF3 /* Background.png in Copy Green Files */ = {isa = PBXBuildFile; fileRef = 30D48D190D59012000A47AA0 /* Background.png */; };
		30BCCF640DA67ADC00680BF3 /* CoinCollect.png in Copy Green Files */ = {isa = PBXBuildFile; fileRef = 30D48D1A0D59012000A47AA0 /* CoinCollect.png */; };
		30BCCF650DA67ADC00680BF3 /* CoinCollect_Down.png in Copy Green Files */ = {isa = PBXBuildFile; fileRef = 30D48D1B0D59012000A47AA0 /* CoinCollect_Down.png */; };
		30BCCF660DA67ADC00680BF3 /* CoinReturn.png in Copy Green Files */ = {isa = PBXBuildFile; fileRef = 30D48D1C0D59012000A47AA0 /* CoinReturn.png */; };
		30BCCF670DA67ADC00680BF3 /* CoinReturn_Down.png in Copy Green Files */ = {isa = PBXBuildFile; fileRef = 30D48D1D0D59012000A47AA0 /* CoinReturn_Down.png */; };
		30BCCF680DA67ADC00680BF3 /* MF8.png in Copy Green Files */ = {isa = PBXBuildFile; fileRef = 30D48D1E0D59012000A47AA0 /* MF8.png */; };
		30BCCF690DA67ADC00680BF3 /* MF8_Down.png in Copy Green Files */ = {isa = PBXBuildFile; fileRef = 30D48D1F0D59012000A47AA0 /* MF8_Down.png */; };
		30BCCF6A0DA67ADC00680BF3 /* RingBack.png in Copy Green Files */ = {isa = PBXBuildFile; fileRef = 30D48D200D59012000A47AA0 /* RingBack.png */; };
		30BCCF6B0DA67ADC00680BF3 /* RingBack_Down.png in Copy Green Files */ = {isa = PBXBuildFile; fileRef = 30D48D210D59012000A47AA0 /* RingBack_Down.png */; };
		30BCCF6C0DA67ADC00680BF3 /* Wink.png in Copy Green Files */ = {isa = PBXBuildFile; fileRef = 30D48D220D59012000A47AA0 /* Wink.png */; };
		30BCCF6D0DA67ADC00680BF3 /* Wink_Down.png in Copy Green Files */ = {isa = PBXBuildFile; fileRef = 30D48D230D59012000A47AA0 /* Wink_Down.png */; };
		30BCCF700DA67B1C00680BF3 /* #.png in Copy Silver Files */ = {isa = PBXBuildFile; fileRef = 3020DC150D5846450062EA14 /* #.png */; };
		30BCCF710DA67B1C00680BF3 /* 0.png in Copy Silver Files */ = {isa = PBXBuildFile; fileRef = 3020DC160D5846450062EA14 /* 0.png */; };
		30BCCF720DA67B1C00680BF3 /* 1.png in Copy Silver Files */ = {isa = PBXBuildFile; fileRef = 3020DC170D5846450062EA14 /* 1.png */; };
		30BCCF730DA67B1C00680BF3 /* 2.png in Copy Silver Files */ = {isa = PBXBuildFile; fileRef = 3020DC180D5846450062EA14 /* 2.png */; };
		30BCCF740DA67B1C00680BF3 /* 3.png in Copy Silver Files */ = {isa = PBXBuildFile; fileRef = 3020DC190D5846450062EA14 /* 3.png */; };
		30BCCF750DA67B1C00680BF3 /* 4.png in Copy Silver Files */ = {isa = PBXBuildFile; fileRef = 3020DC1A0D5846450062EA14 /* 4.png */; };
		30BCCF760DA67B1C00680BF3 /* 5.png in Copy Silver Files */ = {isa = PBXBuildFile; fileRef = 3020DC1B0D5846450062EA14 /* 5.png */; };
		30BCCF770DA67B1C00680BF3 /* 6.png in Copy Silver Files */ = {isa = PBXBuildFile; fileRef = 3020DC1C0D5846450062EA14 /* 6.png */; };
		30BCCF780DA67B1C00680BF3 /* 7.png in Copy Silver Files */ = {isa = PBXBuildFile; fileRef = 3020DC1D0D5846450062EA14 /* 7.png */; };
		30BCCF790DA67B1C00680BF3 /* 8.png in Copy Silver Files */ = {isa = PBXBuildFile; fileRef = 3020DC1E0D5846450062EA14 /* 8.png */; };
		30BCCF7A0DA67B1C00680BF3 /* 9.png in Copy Silver Files */ = {isa = PBXBuildFile; fileRef = 3020DC1F0D5846450062EA14 /* 9.png */; };
		30BCCF7B0DA67B1C00680BF3 /* _.png in Copy Silver Files */ = {isa = PBXBuildFile; fileRef = 3020DC200D5846450062EA14 /* _.png */; };
		30BCCF7C0DA67B1C00680BF3 /* A.png in Copy Silver Files */ = {isa = PBXBuildFile; fileRef = 3020DC210D5846450062EA14 /* A.png */; };
		30BCCF7D0DA67B1C00680BF3 /* B.png in Copy Silver Files */ = {isa = PBXBuildFile; fileRef = 3020DC220D5846450062EA14 /* B.png */; };
		30BCCF7E0DA67B1C00680BF3 /* Background.png in Copy Silver Files */ = {isa = PBXBuildFile; fileRef = 3020DC230D5846450062EA14 /* Background.png */; };
		30BCCF7F0DA67B1C00680BF3 /* Blank.png in Copy Silver Files */ = {isa = PBXBuildFile; fileRef = 3020DC240D5846450062EA14 /* Blank.png */; };
		30BCCF800DA67B1C00680BF3 /* C.png in Copy Silver Files */ = {isa = PBXBuildFile; fileRef = 3020DC250D5846450062EA14 /* C.png */; };
		30BCCF810DA67B1C00680BF3 /* D.png in Copy Silver Files */ = {isa = PBXBuildFile; fileRef = 3020DC260D5846450062EA14 /* D.png */; };
		30BCCF820DA67B2700680BF3 /* Background.png in Copy Red Files */ = {isa = PBXBuildFile; fileRef = 3020DC000D5846450062EA14 /* Background.png */; };
		30BCCF9C0DA67CA600680BF3 /* icon.png in Resources */ = {isa = PBXBuildFile; fileRef = 30BCCF9B0DA67CA600680BF3 /* icon.png */; };
/* End PBXBuildFile section */

/* Begin PBXCopyFilesBuildPhase section */
		30BCCF510DA67A9100680BF3 /* Copy Blue Files */ = {
			isa = PBXCopyFilesBuildPhase;
			buildActionMask = 2147483647;
			dstPath = WozBox;
			dstSubfolderSpec = 1;
			files = (
				30BCCF520DA67AA600680BF3 /* #.png in Copy Blue Files */,
				30BCCF530DA67AA600680BF3 /* 0.png in Copy Blue Files */,
				30BCCF540DA67AA600680BF3 /* 1.png in Copy Blue Files */,
				30BCCF550DA67AA600680BF3 /* 2.png in Copy Blue Files */,
				30BCCF560DA67AA600680BF3 /* 3.png in Copy Blue Files */,
				30BCCF570DA67AA600680BF3 /* 4.png in Copy Blue Files */,
				30BCCF580DA67AA600680BF3 /* 5.png in Copy Blue Files */,
				30BCCF590DA67AA600680BF3 /* 6.png in Copy Blue Files */,
				30BCCF5A0DA67AA600680BF3 /* 7.png in Copy Blue Files */,
				30BCCF5B0DA67AA600680BF3 /* 8.png in Copy Blue Files */,
				30BCCF5C0DA67AA600680BF3 /* 9.png in Copy Blue Files */,
				30BCCF5D0DA67AA600680BF3 /* _.png in Copy Blue Files */,
				30BCCF5E0DA67AA600680BF3 /* Background.png in Copy Blue Files */,
				30BCCF5F0DA67AA600680BF3 /* Blank.png in Copy Blue Files */,
				30BCCF600DA67AA600680BF3 /* Clear.png in Copy Blue Files */,
				30BCCF610DA67AA600680BF3 /* Send.png in Copy Blue Files */,
			);
			name = "Copy Blue Files";
			runOnlyForDeploymentPostprocessing = 0;
		};
		30BCCF920DA67B6100680BF3 /* Copy Green Files */ = {
			isa = PBXCopyFilesBuildPhase;
			buildActionMask = 2147483647;
			dstPath = GreenBox;
			dstSubfolderSpec = 1;
			files = (
				30BCCF630DA67ADC00680BF3 /* Background.png in Copy Green Files */,
				30BCCF640DA67ADC00680BF3 /* CoinCollect.png in Copy Green Files */,
				30BCCF650DA67ADC00680BF3 /* CoinCollect_Down.png in Copy Green Files */,
				30BCCF660DA67ADC00680BF3 /* CoinReturn.png in Copy Green Files */,
				30BCCF670DA67ADC00680BF3 /* CoinReturn_Down.png in Copy Green Files */,
				30BCCF680DA67ADC00680BF3 /* MF8.png in Copy Green Files */,
				30BCCF690DA67ADC00680BF3 /* MF8_Down.png in Copy Green Files */,
				30BCCF6A0DA67ADC00680BF3 /* RingBack.png in Copy Green Files */,
				30BCCF6B0DA67ADC00680BF3 /* RingBack_Down.png in Copy Green Files */,
				30BCCF6C0DA67ADC00680BF3 /* Wink.png in Copy Green Files */,
				30BCCF6D0DA67ADC00680BF3 /* Wink_Down.png in Copy Green Files */,
			);
			name = "Copy Green Files";
			runOnlyForDeploymentPostprocessing = 0;
		};
		30BCCF930DA67B6100680BF3 /* Copy Red Files */ = {
			isa = PBXCopyFilesBuildPhase;
			buildActionMask = 2147483647;
			dstPath = RedBox;
			dstSubfolderSpec = 1;
			files = (
				30BCCF820DA67B2700680BF3 /* Background.png in Copy Red Files */,
			);
			name = "Copy Red Files";
			runOnlyForDeploymentPostprocessing = 0;
		};
		30BCCF940DA67B6100680BF3 /* Copy Silver Files */ = {
			isa = PBXCopyFilesBuildPhase;
			buildActionMask = 2147483647;
			dstPath = SilverBox;
			dstSubfolderSpec = 1;
			files = (
				30BCCF700DA67B1C00680BF3 /* #.png in Copy Silver Files */,
				30BCCF710DA67B1C00680BF3 /* 0.png in Copy Silver Files */,
				30BCCF720DA67B1C00680BF3 /* 1.png in Copy Silver Files */,
				30BCCF730DA67B1C00680BF3 /* 2.png in Copy Silver Files */,
				30BCCF740DA67B1C00680BF3 /* 3.png in Copy Silver Files */,
				30BCCF750DA67B1C00680BF3 /* 4.png in Copy Silver Files */,
				30BCCF760DA67B1C00680BF3 /* 5.png in Copy Silver Files */,
				30BCCF770DA67B1C00680BF3 /* 6.png in Copy Silver Files */,
				30BCCF780DA67B1C00680BF3 /* 7.png in Copy Silver Files */,
				30BCCF790DA67B1C00680BF3 /* 8.png in Copy Silver Files */,
				30BCCF7A0DA67B1C00680BF3 /* 9.png in Copy Silver Files */,
				30BCCF7B0DA67B1C00680BF3 /* _.png in Copy Silver Files */,
				30BCCF7C0DA67B1C00680BF3 /* A.png in Copy Silver Files */,
				30BCCF7D0DA67B1C00680BF3 /* B.png in Copy Silver Files */,
				30BCCF7E0DA67B1C00680BF3 /* Background.png in Copy Silver Files */,
				30BCCF7F0DA67B1C00680BF3 /* Blank.png in Copy Silver Files */,
				30BCCF800DA67B1C00680BF3 /* C.png in Copy Silver Files */,
				30BCCF810DA67B1C00680BF3 /* D.png in Copy Silver Files */,
			);
			name = "Copy Silver Files";
			runOnlyForDeploymentPostprocessing = 0;
		};
/* End PBXCopyFilesBuildPhase section */

/* Begin PBXFileReference section */
		29B97316FDCFA39411CA2CEA /* main.m */ = {isa = PBXFileReference; fileEncoding = 30; lastKnownFileType = sourcecode.c.objc; path = main.m; sourceTree = "<group>"; };
		3020DBF70D583B190062EA14 /* Boxes.plist */ = {isa = PBXFileReference; fileEncoding = 4; lastKnownFileType = text.plist.xml; path = Boxes.plist; sourceTree = "<group>"; };
		3020DC000D5846450062EA14 /* Background.png */ = {isa = PBXFileReference; lastKnownFileType = image.png; path = Background.png; sourceTree = "<group>"; };
		3020DC020D5846450062EA14 /* 10.png */ = {isa = PBXFileReference; lastKnownFileType = image.png; path = 10.png; sourceTree = "<group>"; };
		3020DC030D5846450062EA14 /* 100.png */ = {isa = PBXFileReference; lastKnownFileType = image.png; path = 100.png; sourceTree = "<group>"; };
		3020DC040D5846450062EA14 /* 100_down.png */ = {isa = PBXFileReference; lastKnownFileType = image.png; path = 100_down.png; sourceTree = "<group>"; };
		3020DC050D5846450062EA14 /* 10_down.png */ = {isa = PBXFileReference; lastKnownFileType = image.png; path = 10_down.png; sourceTree = "<group>"; };
		3020DC060D5846450062EA14 /* 25.png */ = {isa = PBXFileReference; lastKnownFileType = image.png; path = 25.png; sourceTree = "<group>"; };
		3020DC070D5846450062EA14 /* 25_down.png */ = {isa = PBXFileReference; lastKnownFileType = image.png; path = 25_down.png; sourceTree = "<group>"; };
		3020DC080D5846450062EA14 /* 5.png */ = {isa = PBXFileReference; lastKnownFileType = image.png; path = 5.png; sourceTree = "<group>"; };
		3020DC090D5846450062EA14 /* 5_down.png */ = {isa = PBXFileReference; lastKnownFileType = image.png; path = 5_down.png; sourceTree = "<group>"; };
		3020DC0C0D5846450062EA14 /* 10.png */ = {isa = PBXFileReference; lastKnownFileType = image.png; path = 10.png; sourceTree = "<group>"; };
		3020DC0D0D5846450062EA14 /* 100.png */ = {isa = PBXFileReference; lastKnownFileType = image.png; path = 100.png; sourceTree = "<group>"; };
		3020DC0E0D5846450062EA14 /* 100_down.png */ = {isa = PBXFileReference; lastKnownFileType = image.png; path = 100_down.png; sourceTree = "<group>"; };
		3020DC0F0D5846450062EA14 /* 10_down.png */ = {isa = PBXFileReference; lastKnownFileType = image.png; path = 10_down.png; sourceTree = "<group>"; };
		3020DC100D5846450062EA14 /* 25.png */ = {isa = PBXFileReference; lastKnownFileType = image.png; path = 25.png; sourceTree = "<group>"; };
		3020DC110D5846450062EA14 /* 25_down.png */ = {isa = PBXFileReference; lastKnownFileType = image.png; path = 25_down.png; sourceTree = "<group>"; };
		3020DC120D5846450062EA14 /* 5.png */ = {isa = PBXFileReference; lastKnownFileType = image.png; path = 5.png; sourceTree = "<group>"; };
		3020DC130D5846450062EA14 /* 5_down.png */ = {isa = PBXFileReference; lastKnownFileType = image.png; path = 5_down.png; sourceTree = "<group>"; };
		3020DC150D5846450062EA14 /* #.png */ = {isa = PBXFileReference; lastKnownFileType = image.png; path = "#.png"; sourceTree = "<group>"; };
		3020DC160D5846450062EA14 /* 0.png */ = {isa = PBXFileReference; lastKnownFileType = image.png; path = 0.png; sourceTree = "<group>"; };
		3020DC170D5846450062EA14 /* 1.png */ = {isa = PBXFileReference; lastKnownFileType = image.png; path = 1.png; sourceTree = "<group>"; };
		3020DC180D5846450062EA14 /* 2.png */ = {isa = PBXFileReference; lastKnownFileType = image.png; path = 2.png; sourceTree = "<group>"; };
		3020DC190D5846450062EA14 /* 3.png */ = {isa = PBXFileReference; lastKnownFileType = image.png; path = 3.png; sourceTree = "<group>"; };
		3020DC1A0D5846450062EA14 /* 4.png */ = {isa = PBXFileReference; lastKnownFileType = image.png; path = 4.png; sourceTree = "<group>"; };
		3020DC1B0D5846450062EA14 /* 5.png */ = {isa = PBXFileReference; lastKnownFileType = image.png; path = 5.png; sourceTree = "<group>"; };
		3020DC1C0D5846450062EA14 /* 6.png */ = {isa = PBXFileReference; lastKnownFileType = image.png; path = 6.png; sourceTree = "<group>"; };
		3020DC1D0D5846450062EA14 /* 7.png */ = {isa = PBXFileReference; lastKnownFileType = image.png; path = 7.png; sourceTree = "<group>"; };
		3020DC1E0D5846450062EA14 /* 8.png */ = {isa = PBXFileReference; lastKnownFileType = image.png; path = 8.png; sourceTree = "<group>"; };
		3020DC1F0D5846450062EA14 /* 9.png */ = {isa = PBXFileReference; lastKnownFileType = image.png; path = 9.png; sourceTree = "<group>"; };
		3020DC200D5846450062EA14 /* _.png */ = {isa = PBXFileReference; lastKnownFileType = image.png; path = _.png; sourceTree = "<group>"; };
		3020DC210D5846450062EA14 /* A.png */ = {isa = PBXFileReference; lastKnownFileType = image.png; path = A.png; sourceTree = "<group>"; };
		3020DC220D5846450062EA14 /* B.png */ = {isa = PBXFileReference; lastKnownFileType = image.png; path = B.png; sourceTree = "<group>"; };
		3020DC230D5846450062EA14 /* Background.png */ = {isa = PBXFileReference; lastKnownFileType = image.png; path = Background.png; sourceTree = "<group>"; };
		3020DC240D5846450062EA14 /* Blank.png */ = {isa = PBXFileReference; lastKnownFileType = image.png; path = Blank.png; sourceTree = "<group>"; };
		3020DC250D5846450062EA14 /* C.png */ = {isa = PBXFileReference; lastKnownFileType = image.png; path = C.png; sourceTree = "<group>"; };
		3020DC260D5846450062EA14 /* D.png */ = {isa = PBXFileReference; lastKnownFileType = image.png; path = D.png; sourceTree = "<group>"; };
		3020DC280D5846450062EA14 /* #.png */ = {isa = PBXFileReference; lastKnownFileType = image.png; path = "#.png"; sourceTree = "<group>"; };
		3020DC290D5846450062EA14 /* 0.png */ = {isa = PBXFileReference; lastKnownFileType = image.png; path = 0.png; sourceTree = "<group>"; };
		3020DC2A0D5846450062EA14 /* 1.png */ = {isa = PBXFileReference; lastKnownFileType = image.png; path = 1.png; sourceTree = "<group>"; };
		3020DC2B0D5846450062EA14 /* 2.png */ = {isa = PBXFileReference; lastKnownFileType = image.png; path = 2.png; sourceTree = "<group>"; };
		3020DC2C0D5846450062EA14 /* 3.png */ = {isa = PBXFileReference; lastKnownFileType = image.png; path = 3.png; sourceTree = "<group>"; };
		3020DC2D0D5846450062EA14 /* 4.png */ = {isa = PBXFileReference; lastKnownFileType = image.png; path = 4.png; sourceTree = "<group>"; };
		3020DC2E0D5846450062EA14 /* 5.png */ = {isa = PBXFileReference; lastKnownFileType = image.png; path = 5.png; sourceTree = "<group>"; };
		3020DC2F0D5846450062EA14 /* 6.png */ = {isa = PBXFileReference; lastKnownFileType = image.png; path = 6.png; sourceTree = "<group>"; };
		3020DC300D5846450062EA14 /* 7.png */ = {isa = PBXFileReference; lastKnownFileType = image.png; path = 7.png; sourceTree = "<group>"; };
		3020DC310D5846450062EA14 /* 8.png */ = {isa = PBXFileReference; lastKnownFileType = image.png; path = 8.png; sourceTree = "<group>"; };
		3020DC320D5846450062EA14 /* 9.png */ = {isa = PBXFileReference; lastKnownFileType = image.png; path = 9.png; sourceTree = "<group>"; };
		3020DC330D5846450062EA14 /* _.png */ = {isa = PBXFileReference; lastKnownFileType = image.png; path = _.png; sourceTree = "<group>"; };
		3020DC340D5846450062EA14 /* Background.png */ = {isa = PBXFileReference; lastKnownFileType = image.png; path = Background.png; sourceTree = "<group>"; };
		3020DC350D5846450062EA14 /* Blank.png */ = {isa = PBXFileReference; lastKnownFileType = image.png; path = Blank.png; sourceTree = "<group>"; };
		3020DC360D5846450062EA14 /* Clear.png */ = {isa = PBXFileReference; lastKnownFileType = image.png; path = Clear.png; sourceTree = "<group>"; };
		3020DC370D5846450062EA14 /* Send.png */ = {isa = PBXFileReference; lastKnownFileType = image.png; path = Send.png; sourceTree = "<group>"; };
		3022137B0D552FC200918800 /* AudioQueue.h */ = {isa = PBXFileReference; fileEncoding = 4; lastKnownFileType = sourcecode.c.h; path = AudioQueue.h; sourceTree = "<group>"; };
		304016EA0D4AFFD60013A607 /* TonePlayer.h */ = {isa = PBXFileReference; fileEncoding = 4; lastKnownFileType = sourcecode.c.h; path = TonePlayer.h; sourceTree = "<group>"; };
		304016EB0D4AFFD60013A607 /* TonePlayer.m */ = {isa = PBXFileReference; fileEncoding = 4; lastKnownFileType = sourcecode.c.objc; path = TonePlayer.m; sourceTree = "<group>"; };
		304017BF0D4B0A750013A607 /* AudioToolbox.framework */ = {isa = PBXFileReference; lastKnownFileType = wrapper.framework; name = AudioToolbox.framework; path = Platforms/iPhoneOS.platform/Developer/SDKs/iPhoneOS2.0.sdk/System/Library/Frameworks/AudioToolbox.framework; sourceTree = DEVELOPER_DIR; };
		3054502A0D521269009FC636 /* WebFontCache.h */ = {isa = PBXFileReference; fileEncoding = 4; lastKnownFileType = sourcecode.c.h; path = WebFontCache.h; sourceTree = "<group>"; };
		305DDAA30E91D42F002D922A /* Celestial.framework */ = {isa = PBXFileReference; lastKnownFileType = wrapper.framework; name = Celestial.framework; path = System/Library/PrivateFrameworks/Celestial.framework; sourceTree = SDKROOT; };
		309796360E904B6F00F574AA /* UIKit.framework */ = {isa = PBXFileReference; lastKnownFileType = wrapper.framework; name = UIKit.framework; path = System/Library/Frameworks/UIKit.framework; sourceTree = SDKROOT; };
		309796390E904B9A00F574AA /* Foundation.framework */ = {isa = PBXFileReference; lastKnownFileType = wrapper.framework; name = Foundation.framework; path = System/Library/Frameworks/Foundation.framework; sourceTree = SDKROOT; };
		30BCCE900DA6772B00680BF3 /* iPhreakApp.app */ = {isa = PBXFileReference; explicitFileType = wrapper.application; includeInIndex = 0; path = iPhreakApp.app; sourceTree = BUILT_PRODUCTS_DIR; };
		30BCCE920DA6772B00680BF3 /* iPhreakApp-Info.plist */ = {isa = PBXFileReference; lastKnownFileType = text.plist.xml; path = "iPhreakApp-Info.plist"; sourceTree = "<group>"; };
		30BCCF9B0DA67CA600680BF3 /* icon.png */ = {isa = PBXFileReference; lastKnownFileType = image.png; path = icon.png; sourceTree = "<group>"; };
		30C9C9AA0D458A4F000A54B0 /* Key.h */ = {isa = PBXFileReference; fileEncoding = 4; lastKnownFileType = sourcecode.c.h; path = Key.h; sourceTree = "<group>"; };
		30C9C9AB0D458A4F000A54B0 /* Key.m */ = {isa = PBXFileReference; fileEncoding = 4; lastKnownFileType = sourcecode.c.objc; path = Key.m; sourceTree = "<group>"; };
		30C9C9AC0D458A5B000A54B0 /* KeyPad.h */ = {isa = PBXFileReference; fileEncoding = 4; lastKnownFileType = sourcecode.c.h; path = KeyPad.h; sourceTree = "<group>"; };
		30C9C9AD0D458A5B000A54B0 /* KeyPad.m */ = {isa = PBXFileReference; fileEncoding = 4; lastKnownFileType = sourcecode.c.objc; path = KeyPad.m; sourceTree = "<group>"; };
		30C9C9B20D458B5C000A54B0 /* notes */ = {isa = PBXFileReference; fileEncoding = 4; lastKnownFileType = text; path = notes; sourceTree = "<group>"; };
		30C9C9EA0D45B9C1000A54B0 /* Default.png */ = {isa = PBXFileReference; lastKnownFileType = image.png; path = Default.png; sourceTree = "<group>"; };
		30D48D190D59012000A47AA0 /* Background.png */ = {isa = PBXFileReference; lastKnownFileType = image.png; path = Background.png; sourceTree = "<group>"; };
		30D48D1A0D59012000A47AA0 /* CoinCollect.png */ = {isa = PBXFileReference; lastKnownFileType = image.png; path = CoinCollect.png; sourceTree = "<group>"; };
		30D48D1B0D59012000A47AA0 /* CoinCollect_Down.png */ = {isa = PBXFileReference; lastKnownFileType = image.png; path = CoinCollect_Down.png; sourceTree = "<group>"; };
		30D48D1C0D59012000A47AA0 /* CoinReturn.png */ = {isa = PBXFileReference; lastKnownFileType = image.png; path = CoinReturn.png; sourceTree = "<group>"; };
		30D48D1D0D59012000A47AA0 /* CoinReturn_Down.png */ = {isa = PBXFileReference; lastKnownFileType = image.png; path = CoinReturn_Down.png; sourceTree = "<group>"; };
		30D48D1E0D59012000A47AA0 /* MF8.png */ = {isa = PBXFileReference; lastKnownFileType = image.png; path = MF8.png; sourceTree = "<group>"; };
		30D48D1F0D59012000A47AA0 /* MF8_Down.png */ = {isa = PBXFileReference; lastKnownFileType = image.png; path = MF8_Down.png; sourceTree = "<group>"; };
		30D48D200D59012000A47AA0 /* RingBack.png */ = {isa = PBXFileReference; lastKnownFileType = image.png; path = RingBack.png; sourceTree = "<group>"; };
		30D48D210D59012000A47AA0 /* RingBack_Down.png */ = {isa = PBXFileReference; lastKnownFileType = image.png; path = RingBack_Down.png; sourceTree = "<group>"; };
		30D48D220D59012000A47AA0 /* Wink.png */ = {isa = PBXFileReference; lastKnownFileType = image.png; path = Wink.png; sourceTree = "<group>"; };
		30D48D230D59012000A47AA0 /* Wink_Down.png */ = {isa = PBXFileReference; lastKnownFileType = image.png; path = Wink_Down.png; sourceTree = "<group>"; };
		8D1107310486CEB800E47090 /* Info.plist */ = {isa = PBXFileReference; fileEncoding = 4; lastKnownFileType = text.plist; path = Info.plist; sourceTree = "<group>"; };
		D90F56B90C6719EF007AE76B /* iPhreakApp.m */ = {isa = PBXFileReference; fileEncoding = 30; lastKnownFileType = sourcecode.c.objc; path = iPhreakApp.m; sourceTree = "<group>"; };
		D90F56BA0C6719EF007AE76B /* iPhreakApp.h */ = {isa = PBXFileReference; fileEncoding = 30; lastKnownFileType = sourcecode.c.h; path = iPhreakApp.h; sourceTree = "<group>"; };
		D92591D70C6B431100BBDBBC /* Makefile */ = {isa = PBXFileReference; fileEncoding = 30; lastKnownFileType = sourcecode.make; path = Makefile; sourceTree = "<group>"; };
		D9C1849B0C6B467300A7383F /* iPhreak_Prefix.pch */ = {isa = PBXFileReference; fileEncoding = 30; lastKnownFileType = sourcecode.c.h; path = iPhreak_Prefix.pch; sourceTree = "<group>"; };
/* End PBXFileReference section */

/* Begin PBXFrameworksBuildPhase section */
		30BCCE8E0DA6772B00680BF3 /* Frameworks */ = {
			isa = PBXFrameworksBuildPhase;
			buildActionMask = 2147483647;
			files = (
				30BCCEEF0DA6793F00680BF3 /* AudioToolbox.framework in Frameworks */,
				309796370E904B6F00F574AA /* UIKit.framework in Frameworks */,
				3097963A0E904B9A00F574AA /* Foundation.framework in Frameworks */,
				305DDAA40E91D42F002D922A /* Celestial.framework in Frameworks */,
			);
			runOnlyForDeploymentPostprocessing = 0;
		};
/* End PBXFrameworksBuildPhase section */

/* Begin PBXGroup section */
		080E96DDFE201D6D7F000001 /* Classes */ = {
			isa = PBXGroup;
			children = (
				304016EA0D4AFFD60013A607 /* TonePlayer.h */,
				304016EB0D4AFFD60013A607 /* TonePlayer.m */,
				30C9C9AA0D458A4F000A54B0 /* Key.h */,
				30C9C9AB0D458A4F000A54B0 /* Key.m */,
				30C9C9AC0D458A5B000A54B0 /* KeyPad.h */,
				30C9C9AD0D458A5B000A54B0 /* KeyPad.m */,
				D90F56BA0C6719EF007AE76B /* iPhreakApp.h */,
				D90F56B90C6719EF007AE76B /* iPhreakApp.m */,
			);
			name = Classes;
			sourceTree = "<group>";
		};
		19C28FACFE9D520D11CA2CBB /* Products */ = {
			isa = PBXGroup;
			children = (
				30BCCE900DA6772B00680BF3 /* iPhreakApp.app */,
			);
			name = Products;
			sourceTree = "<group>";
		};
		29B97314FDCFA39411CA2CEA /* iPhreak */ = {
			isa = PBXGroup;
			children = (
				D92591D70C6B431100BBDBBC /* Makefile */,
				080E96DDFE201D6D7F000001 /* Classes */,
				29B97315FDCFA39411CA2CEA /* Other Sources */,
				29B97317FDCFA39411CA2CEA /* Resources */,
				29B97323FDCFA39411CA2CEA /* Frameworks */,
				19C28FACFE9D520D11CA2CBB /* Products */,
				30C9C9B20D458B5C000A54B0 /* notes */,
				30BCCE920DA6772B00680BF3 /* iPhreakApp-Info.plist */,
				309796360E904B6F00F574AA /* UIKit.framework */,
				309796390E904B9A00F574AA /* Foundation.framework */,
				305DDAA30E91D42F002D922A /* Celestial.framework */,
			);
			name = iPhreak;
			sourceTree = "<group>";
		};
		29B97315FDCFA39411CA2CEA /* Other Sources */ = {
			isa = PBXGroup;
			children = (
				3022137B0D552FC200918800 /* AudioQueue.h */,
				3054502A0D521269009FC636 /* WebFontCache.h */,
				29B97316FDCFA39411CA2CEA /* main.m */,
				D9C1849B0C6B467300A7383F /* iPhreak_Prefix.pch */,
			);
			name = "Other Sources";
			sourceTree = "<group>";
		};
		29B97317FDCFA39411CA2CEA /* Resources */ = {
			isa = PBXGroup;
			children = (
				30BCCF9B0DA67CA600680BF3 /* icon.png */,
				3020DBFE0D5846450062EA14 /* GUI */,
				30C9C9EA0D45B9C1000A54B0 /* Default.png */,
				3020DBF70D583B190062EA14 /* Boxes.plist */,
				8D1107310486CEB800E47090 /* Info.plist */,
			);
			name = Resources;
			sourceTree = "<group>";
		};
		29B97323FDCFA39411CA2CEA /* Frameworks */ = {
			isa = PBXGroup;
			children = (
				304017BF0D4B0A750013A607 /* AudioToolbox.framework */,
			);
			name = Frameworks;
			sourceTree = "<group>";
		};
		3020DBFE0D5846450062EA14 /* GUI */ = {
			isa = PBXGroup;
			children = (
				30D48D180D59012000A47AA0 /* GreenBox */,
				3020DBFF0D5846450062EA14 /* RedBox */,
				3020DC140D5846450062EA14 /* SilverBox */,
				3020DC270D5846450062EA14 /* WozBox */,
			);
			path = GUI;
			sourceTree = "<group>";
		};
		3020DBFF0D5846450062EA14 /* RedBox */ = {
			isa = PBXGroup;
			children = (
				3020DC010D5846450062EA14 /* CAN */,
				3020DC0A0D5846450062EA14 /* GB */,
				3020DC0B0D5846450062EA14 /* US */,
				3020DC000D5846450062EA14 /* Background.png */,
			);
			path = RedBox;
			sourceTree = "<group>";
		};
		3020DC010D5846450062EA14 /* CAN */ = {
			isa = PBXGroup;
			children = (
				3020DC020D5846450062EA14 /* 10.png */,
				3020DC030D5846450062EA14 /* 100.png */,
				3020DC040D5846450062EA14 /* 100_down.png */,
				3020DC050D5846450062EA14 /* 10_down.png */,
				3020DC060D5846450062EA14 /* 25.png */,
				3020DC070D5846450062EA14 /* 25_down.png */,
				3020DC080D5846450062EA14 /* 5.png */,
				3020DC090D5846450062EA14 /* 5_down.png */,
			);
			path = CAN;
			sourceTree = "<group>";
		};
		3020DC0A0D5846450062EA14 /* GB */ = {
			isa = PBXGroup;
			children = (
			);
			path = GB;
			sourceTree = "<group>";
		};
		3020DC0B0D5846450062EA14 /* US */ = {
			isa = PBXGroup;
			children = (
				3020DC0C0D5846450062EA14 /* 10.png */,
				3020DC0D0D5846450062EA14 /* 100.png */,
				3020DC0E0D5846450062EA14 /* 100_down.png */,
				3020DC0F0D5846450062EA14 /* 10_down.png */,
				3020DC100D5846450062EA14 /* 25.png */,
				3020DC110D5846450062EA14 /* 25_down.png */,
				3020DC120D5846450062EA14 /* 5.png */,
				3020DC130D5846450062EA14 /* 5_down.png */,
			);
			path = US;
			sourceTree = "<group>";
		};
		3020DC140D5846450062EA14 /* SilverBox */ = {
			isa = PBXGroup;
			children = (
				3020DC150D5846450062EA14 /* #.png */,
				3020DC160D5846450062EA14 /* 0.png */,
				3020DC170D5846450062EA14 /* 1.png */,
				3020DC180D5846450062EA14 /* 2.png */,
				3020DC190D5846450062EA14 /* 3.png */,
				3020DC1A0D5846450062EA14 /* 4.png */,
				3020DC1B0D5846450062EA14 /* 5.png */,
				3020DC1C0D5846450062EA14 /* 6.png */,
				3020DC1D0D5846450062EA14 /* 7.png */,
				3020DC1E0D5846450062EA14 /* 8.png */,
				3020DC1F0D5846450062EA14 /* 9.png */,
				3020DC200D5846450062EA14 /* _.png */,
				3020DC210D5846450062EA14 /* A.png */,
				3020DC220D5846450062EA14 /* B.png */,
				3020DC230D5846450062EA14 /* Background.png */,
				3020DC240D5846450062EA14 /* Blank.png */,
				3020DC250D5846450062EA14 /* C.png */,
				3020DC260D5846450062EA14 /* D.png */,
			);
			path = SilverBox;
			sourceTree = "<group>";
		};
		3020DC270D5846450062EA14 /* WozBox */ = {
			isa = PBXGroup;
			children = (
				3020DC280D5846450062EA14 /* #.png */,
				3020DC290D5846450062EA14 /* 0.png */,
				3020DC2A0D5846450062EA14 /* 1.png */,
				3020DC2B0D5846450062EA14 /* 2.png */,
				3020DC2C0D5846450062EA14 /* 3.png */,
				3020DC2D0D5846450062EA14 /* 4.png */,
				3020DC2E0D5846450062EA14 /* 5.png */,
				3020DC2F0D5846450062EA14 /* 6.png */,
				3020DC300D5846450062EA14 /* 7.png */,
				3020DC310D5846450062EA14 /* 8.png */,
				3020DC320D5846450062EA14 /* 9.png */,
				3020DC330D5846450062EA14 /* _.png */,
				3020DC340D5846450062EA14 /* Background.png */,
				3020DC350D5846450062EA14 /* Blank.png */,
				3020DC360D5846450062EA14 /* Clear.png */,
				3020DC370D5846450062EA14 /* Send.png */,
			);
			path = WozBox;
			sourceTree = "<group>";
		};
		30D48D180D59012000A47AA0 /* GreenBox */ = {
			isa = PBXGroup;
			children = (
				30D48D190D59012000A47AA0 /* Background.png */,
				30D48D1A0D59012000A47AA0 /* CoinCollect.png */,
				30D48D1B0D59012000A47AA0 /* CoinCollect_Down.png */,
				30D48D1C0D59012000A47AA0 /* CoinReturn.png */,
				30D48D1D0D59012000A47AA0 /* CoinReturn_Down.png */,
				30D48D1E0D59012000A47AA0 /* MF8.png */,
				30D48D1F0D59012000A47AA0 /* MF8_Down.png */,
				30D48D200D59012000A47AA0 /* RingBack.png */,
				30D48D210D59012000A47AA0 /* RingBack_Down.png */,
				30D48D220D59012000A47AA0 /* Wink.png */,
				30D48D230D59012000A47AA0 /* Wink_Down.png */,
			);
			path = GreenBox;
			sourceTree = "<group>";
		};
/* End PBXGroup section */

/* Begin PBXNativeTarget section */
		30BCCE8F0DA6772B00680BF3 /* iPhreak */ = {
			isa = PBXNativeTarget;
			buildConfigurationList = 30BCCE950DA6772B00680BF3 /* Build configuration list for PBXNativeTarget "iPhreak" */;
			buildPhases = (
				30BCCE8C0DA6772B00680BF3 /* Resources */,
				30BCCF930DA67B6100680BF3 /* Copy Red Files */,
				30BCCF940DA67B6100680BF3 /* Copy Silver Files */,
				30BCCF510DA67A9100680BF3 /* Copy Blue Files */,
				30BCCF920DA67B6100680BF3 /* Copy Green Files */,
				30BCCE8D0DA6772B00680BF3 /* Sources */,
				30BCCE8E0DA6772B00680BF3 /* Frameworks */,
			);
			buildRules = (
			);
			dependencies = (
			);
			name = iPhreak;
			productName = iPhreakApp;
			productReference = 30BCCE900DA6772B00680BF3 /* iPhreakApp.app */;
			productType = "com.apple.product-type.application";
		};
/* End PBXNativeTarget section */

/* Begin PBXProject section */
		29B97313FDCFA39411CA2CEA /* Project object */ = {
			isa = PBXProject;
			buildConfigurationList = C01FCF4E08A954540054247B /* Build configuration list for PBXProject "iPhreak" */;
			compatibilityVersion = "Xcode 3.0";
			hasScannedForEncodings = 1;
			mainGroup = 29B97314FDCFA39411CA2CEA /* iPhreak */;
			projectDirPath = "";
			projectRoot = "";
			targets = (
				30BCCE8F0DA6772B00680BF3 /* iPhreak */,
			);
		};
/* End PBXProject section */

/* Begin PBXResourcesBuildPhase section */
		30BCCE8C0DA6772B00680BF3 /* Resources */ = {
			isa = PBXResourcesBuildPhase;
			buildActionMask = 2147483647;
			files = (
				30BCCF040DA679D300680BF3 /* Default.png in Resources */,
				30BCCF050DA679DB00680BF3 /* Boxes.plist in Resources */,
				30BCCF9C0DA67CA600680BF3 /* icon.png in Resources */,
			);
			runOnlyForDeploymentPostprocessing = 0;
		};
/* End PBXResourcesBuildPhase section */

/* Begin PBXSourcesBuildPhase section */
		30BCCE8D0DA6772B00680BF3 /* Sources */ = {
			isa = PBXSourcesBuildPhase;
			buildActionMask = 2147483647;
			files = (
				30BCCE980DA6778F00680BF3 /* TonePlayer.m in Sources */,
				30BCCE990DA6778F00680BF3 /* Key.m in Sources */,
				30BCCE9A0DA6778F00680BF3 /* KeyPad.m in Sources */,
				30BCCE9B0DA6778F00680BF3 /* iPhreakApp.m in Sources */,
				30BCCE9D0DA6778F00680BF3 /* main.m in Sources */,
			);
			runOnlyForDeploymentPostprocessing = 0;
		};
/* End PBXSourcesBuildPhase section */

/* Begin XCBuildConfiguration section */
		30BCCE930DA6772B00680BF3 /* Debug */ = {
			isa = XCBuildConfiguration;
			buildSettings = {
				ALWAYS_SEARCH_USER_PATHS = NO;
				ARCHS = "$(ARCHS_STANDARD_32_BIT_PRE_XCODE_3_1)";
				ARCHS_STANDARD_32_BIT_PRE_XCODE_3_1 = "ppc i386";
				COPY_PHASE_STRIP = NO;
				FRAMEWORK_SEARCH_PATHS = (
					"$(inherited)",
					"\"$(SDKROOT)$(SYSTEM_LIBRARY_DIR)/PrivateFrameworks\"",
				);
				GCC_DYNAMIC_NO_PIC = NO;
				GCC_ENABLE_FIX_AND_CONTINUE = YES;
				GCC_OPTIMIZATION_LEVEL = 0;
				GCC_PRECOMPILE_PREFIX_HEADER = YES;
				INFOPLIST_FILE = "iPhreakApp-Info.plist";
				INSTALL_PATH = "$(HOME)/Applications";
				PREBINDING = NO;
				PRODUCT_NAME = iPhreakApp;
				SDKROOT = iphoneos2.0;
			};
			name = Debug;
		};
		30BCCE940DA6772B00680BF3 /* Release */ = {
			isa = XCBuildConfiguration;
			buildSettings = {
				ALWAYS_SEARCH_USER_PATHS = NO;
				ARCHS = "$(ARCHS_STANDARD_32_BIT_PRE_XCODE_3_1)";
				ARCHS_STANDARD_32_BIT_PRE_XCODE_3_1 = "ppc i386";
				COPY_PHASE_STRIP = YES;
				DEBUG_INFORMATION_FORMAT = "dwarf-with-dsym";
				FRAMEWORK_SEARCH_PATHS = (
					"$(inherited)",
					"$(FRAMEWORK_SEARCH_PATHS_QUOTED_FOR_TARGET_1)",
					"$(FRAMEWORK_SEARCH_PATHS_QUOTED_FOR_TARGET_2)",
					"$(FRAMEWORK_SEARCH_PATHS_QUOTED_FOR_TARGET_3)",
					"\"$(SDKROOT)$(SYSTEM_LIBRARY_DIR)/PrivateFrameworks\"",
				);
				FRAMEWORK_SEARCH_PATHS_QUOTED_FOR_TARGET_1 = "\"$(SDKROOT)/../../Platforms/iPhoneOS.platform/Developer/SDKs/iPhoneOS2.0.sdk/System/Library/Frameworks\"";
				FRAMEWORK_SEARCH_PATHS_QUOTED_FOR_TARGET_2 = "\"$(SDKROOT)/../../Platforms/iPhoneOS.platform/Developer/SDKs/iPhoneOS2.0.sdk/System/Library/PrivateFrameworks\"";
				FRAMEWORK_SEARCH_PATHS_QUOTED_FOR_TARGET_3 = "\"$(SDKROOT)$(SYSTEM_LIBRARY_DIR)/PrivateFrameworks\"";
				GCC_ENABLE_FIX_AND_CONTINUE = NO;
				GCC_MODEL_TUNING = G5;
				GCC_PRECOMPILE_PREFIX_HEADER = YES;
				GCC_PREFIX_HEADER = "$(SYSTEM_LIBRARY_DIR)/Frameworks/AppKit.framework/Headers/AppKit.h";
				INFOPLIST_FILE = "iPhreakApp-Info.plist";
				INSTALL_PATH = "$(HOME)/Applications";
				OTHER_LDFLAGS = (
					"-framework",
					Foundation,
					"-framework",
					AppKit,
				);
				PREBINDING = NO;
				PRODUCT_NAME = iPhreakApp;
				ZERO_LINK = NO;
			};
			name = Release;
		};
		C01FCF4F08A954540054247B /* Debug */ = {
			isa = XCBuildConfiguration;
			buildSettings = {
				ARCHS = "$(ARCHS_STANDARD_32_BIT_PRE_XCODE_3_1)";
				ARCHS_STANDARD_32_BIT_PRE_XCODE_3_1 = "ppc i386";
				GCC_OPTIMIZATION_LEVEL = 0;
				GCC_WARN_ABOUT_RETURN_TYPE = YES;
				GCC_WARN_UNUSED_VARIABLE = YES;
				PREBINDING = NO;
				SDKROOT = iphoneos2.0;
				SHARED_PRECOMPS_DIR = "/Library/Caches/com.apple.Xcode.iPhone.$(UID)/SharedPrecompiledHeaders";
			};
			name = Debug;
		};
		C01FCF5008A954540054247B /* Release */ = {
			isa = XCBuildConfiguration;
			buildSettings = {
				ARCHS = arm;
				CC = "/usr/local/iphonedev/bin/arm-apple-darwin-cc";
				CXX = "/usr/local/iphonedev/bin/arm-apple-darwin-cc";
				GCC_WARN_ABOUT_RETURN_TYPE = YES;
				GCC_WARN_UNUSED_VARIABLE = YES;
				LD = "/usr/local/iphonedev/bin/arm-apple-darwin-cc";
				PREBINDING = NO;
				SDKROOT = /Developer/SDKs/iPhone.sdk;
				SHARED_PRECOMPS_DIR = "/Library/Caches/com.apple.Xcode.iPhone.$(UID)/SharedPrecompiledHeaders";
			};
			name = Release;
		};
/* End XCBuildConfiguration section */

/* Begin XCConfigurationList section */
		30BCCE950DA6772B00680BF3 /* Build configuration list for PBXNativeTarget "iPhreak" */ = {
			isa = XCConfigurationList;
			buildConfigurations = (
				30BCCE930DA6772B00680BF3 /* Debug */,
				30BCCE940DA6772B00680BF3 /* Release */,
			);
			defaultConfigurationIsVisible = 0;
			defaultConfigurationName = Release;
		};
		C01FCF4E08A954540054247B /* Build configuration list for PBXProject "iPhreak" */ = {
			isa = XCConfigurationList;
			buildConfigurations = (
				C01FCF4F08A954540054247B /* Debug */,
				C01FCF5008A954540054247B /* Release */,
			);
			defaultConfigurationIsVisible = 0;
			defaultConfigurationName = Release;
		};
/* End XCConfigurationList section */
	};
	rootObject = 29B97313FDCFA39411CA2CEA /* Project object */;
}
